{
  "lockfileVersion": 1,
  "configVersion": 1,
  "workspaces": {
    "": {
      "name": "hadestunnel",
      "dependencies": {
        "@hono/node-server": "^1.19.7",
        "@pinggy/pinggy": "^0.3.5",
        "hono": "^4.10.8",
        "localtunnel": "^2.0.2",
      },
      "devDependencies": {
        "@types/bun": "latest",
        "@types/localtunnel": "^2.0.4",
        "@typescript/native-preview": "^7.0.0-dev.20260221.1",
        "oxfmt": "^0.34.0",
        "oxlint": "^1.49.0",
      },
      "peerDependencies": {
        "typescript": "^5",
      },
    },
  },
  "trustedDependencies": [
    "@pinggy/pinggy",
  ],
  "packages": {
    "@hono/node-server": ["@hono/node-server@1.19.7", "", { "peerDependencies": { "hono": "^4" } }, "sha512-vUcD0uauS7EU2caukW8z5lJKtoGMokxNbJtBiwHgpqxEXokaHCBkQUmCHhjFB1VUTWdqj25QoMkMKzgjq+uhrw=="],

    "@isaacs/fs-minipass": ["@isaacs/fs-minipass@4.0.1", "", { "dependencies": { "minipass": "^7.0.4" } }, "sha512-wgm9Ehl2jpeqP3zw/7mo3kRHFp5MEDhqAdwy1fTGkHAwnkGOVsgpvQhL8B5n1qlb01jV3n/bI0ZfZp5lWA1k4w=="],

    "@mapbox/node-pre-gyp": ["@mapbox/node-pre-gyp@2.0.3", "", { "dependencies": { "consola": "^3.2.3", "detect-libc": "^2.0.0", "https-proxy-agent": "^7.0.5", "node-fetch": "^2.6.7", "nopt": "^8.0.0", "semver": "^7.5.3", "tar": "^7.4.0" }, "bin": { "node-pre-gyp": "bin/node-pre-gyp" } }, "sha512-uwPAhccfFJlsfCxMYTwOdVfOz3xqyj8xYL3zJj8f0pb30tLohnnFPhLuqp4/qoEz8sNxe4SESZedcBojRefIzg=="],

    "@npmcli/agent": ["@npmcli/agent@4.0.0", "", { "dependencies": { "agent-base": "^7.1.0", "http-proxy-agent": "^7.0.0", "https-proxy-agent": "^7.0.1", "lru-cache": "^11.2.1", "socks-proxy-agent": "^8.0.3" } }, "sha512-kAQTcEN9E8ERLVg5AsGwLNoFb+oEG6engbqAU2P43gD4JEIkNGMHdVQ096FsOAAYpZPB0RSt0zgInKIAS1l5QA=="],

    "@npmcli/fs": ["@npmcli/fs@5.0.0", "", { "dependencies": { "semver": "^7.3.5" } }, "sha512-7OsC1gNORBEawOa5+j2pXN9vsicaIOH5cPXxoR6fJOmH6/EXpJB2CajXOu1fPRFun2m1lktEFX11+P89hqO/og=="],

    "@oxfmt/binding-android-arm-eabi": ["@oxfmt/binding-android-arm-eabi@0.34.0", "", { "os": "android", "cpu": "arm" }, "sha512-sqkqjh/Z38l+duOb1HtVqJTAj1grt2ttkobCopC/72+a4Xxz4xUgZPFyQ4HxrYMvyqO/YA0tvM1QbfOu70Gk1Q=="],

    "@oxfmt/binding-android-arm64": ["@oxfmt/binding-android-arm64@0.34.0", "", { "os": "android", "cpu": "arm64" }, "sha512-1KRCtasHcVcGOMwfOP9d5Bus2NFsN8yAYM5cBwi8LBg5UtXC3C49WHKrlEa8iF1BjOS6CR2qIqiFbGoA0DJQNQ=="],

    "@oxfmt/binding-darwin-arm64": ["@oxfmt/binding-darwin-arm64@0.34.0", "", { "os": "darwin", "cpu": "arm64" }, "sha512-b+Rmw9Bva6e/7PBES2wLO8sEU7Mi0+/Kv+pXSe/Y8i4fWNftZZlGwp8P01eECaUqpXATfSgNxdEKy7+ssVNz7g=="],

    "@oxfmt/binding-darwin-x64": ["@oxfmt/binding-darwin-x64@0.34.0", "", { "os": "darwin", "cpu": "x64" }, "sha512-QGjpevWzf1T9COEokZEWt80kPOtthW1zhRbo7x4Qoz646eTTfi6XsHG2uHeDWJmTbgBoJZPMgj2TAEV/ppEZaA=="],

    "@oxfmt/binding-freebsd-x64": ["@oxfmt/binding-freebsd-x64@0.34.0", "", { "os": "freebsd", "cpu": "x64" }, "sha512-VMSaC02cG75qL59M9M/szEaqq/RsLfgpzQ4nqUu8BUnX1zkiZIW2gTpUv3ZJ6qpWnHxIlAXiRZjQwmcwpvtbcg=="],

    "@oxfmt/binding-linux-arm-gnueabihf": ["@oxfmt/binding-linux-arm-gnueabihf@0.34.0", "", { "os": "linux", "cpu": "arm" }, "sha512-Klm367PFJhH6vYK3vdIOxFepSJZHPaBfIuqwxdkOcfSQ4qqc/M8sgK0UTFnJWWTA/IkhMIh1kW6uEqiZ/xtQqg=="],

    "@oxfmt/binding-linux-arm-musleabihf": ["@oxfmt/binding-linux-arm-musleabihf@0.34.0", "", { "os": "linux", "cpu": "arm" }, "sha512-nqn0QueVXRfbN9m58/E9Zij0Ap8lzayx591eWBYn0sZrGzY1IRv9RYS7J/1YUXbb0Ugedo0a8qIWzUHU9bWQuA=="],

    "@oxfmt/binding-linux-arm64-gnu": ["@oxfmt/binding-linux-arm64-gnu@0.34.0", "", { "os": "linux", "cpu": "arm64" }, "sha512-DDn+dcqW+sMTCEjvLoQvC/VWJjG7h8wcdN/J+g7ZTdf/3/Dx730pQElxPPGsCXPhprb11OsPyMp5FwXjMY3qvA=="],

    "@oxfmt/binding-linux-arm64-musl": ["@oxfmt/binding-linux-arm64-musl@0.34.0", "", { "os": "linux", "cpu": "arm64" }, "sha512-H+F8+71gHQoGTFPPJ6z4dD0Fzfzi0UP8Zx94h5kUmIFThLvMq5K1Y/bUUubiXwwHfwb5C3MPjUpYijiy0rj51Q=="],

    "@oxfmt/binding-linux-ppc64-gnu": ["@oxfmt/binding-linux-ppc64-gnu@0.34.0", "", { "os": "linux", "cpu": "ppc64" }, "sha512-dIGnzTNhCXqQD5pzBwduLg8pClm+t8R53qaE9i5h8iua1iaFAJyLffh4847CNZSlASb7gn1Ofuv7KoG/EpoGZg=="],

    "@oxfmt/binding-linux-riscv64-gnu": ["@oxfmt/binding-linux-riscv64-gnu@0.34.0", "", { "os": "linux", "cpu": "none" }, "sha512-FGQ2GTTooilDte/ogwWwkHuuL3lGtcE3uKM2EcC7kOXNWdUfMY6Jx3JCodNVVbFoybv4A+HuCj8WJji2uu1Ceg=="],

    "@oxfmt/binding-linux-riscv64-musl": ["@oxfmt/binding-linux-riscv64-musl@0.34.0", "", { "os": "linux", "cpu": "none" }, "sha512-2dGbGneJ7ptOIVKMwEIHdCkdZEomh74X3ggo4hCzEXL/rl9HwfsZDR15MkqfQqAs6nVXMvtGIOMxjDYa5lwKaA=="],

    "@oxfmt/binding-linux-s390x-gnu": ["@oxfmt/binding-linux-s390x-gnu@0.34.0", "", { "os": "linux", "cpu": "s390x" }, "sha512-cCtGgmrTrxq3OeSG0UAO+w6yLZTMeOF4XM9SAkNrRUxYhRQELSDQ/iNPCLyHhYNi38uHJQbS5RQweLUDpI4ajA=="],

    "@oxfmt/binding-linux-x64-gnu": ["@oxfmt/binding-linux-x64-gnu@0.34.0", "", { "os": "linux", "cpu": "x64" }, "sha512-7AvMzmeX+k7GdgitXp99GQoIV/QZIpAS7rwxQvC/T541yWC45nwvk4mpnU8N+V6dE5SPEObnqfhCjO80s7qIsg=="],

    "@oxfmt/binding-linux-x64-musl": ["@oxfmt/binding-linux-x64-musl@0.34.0", "", { "os": "linux", "cpu": "x64" }, "sha512-uNiglhcmivJo1oDMh3hoN/Z0WsbEXOpRXZdQ3W/IkOpyV8WF308jFjSC1ZxajdcNRXWej0zgge9QXba58Owt+g=="],

    "@oxfmt/binding-openharmony-arm64": ["@oxfmt/binding-openharmony-arm64@0.34.0", "", { "os": "none", "cpu": "arm64" }, "sha512-5eFsTjCyji25j6zznzlMc+wQAZJoL9oWy576xhqd2efv+N4g1swIzuSDcb1dz4gpcVC6veWe9pAwD7HnrGjLwg=="],

    "@oxfmt/binding-win32-arm64-msvc": ["@oxfmt/binding-win32-arm64-msvc@0.34.0", "", { "os": "win32", "cpu": "arm64" }, "sha512-6id8kK0t5hKfbV6LHDzRO21wRTA6ctTlKGTZIsG/mcoir0rssvaYsedUymF4HDj7tbCUlnxCX/qOajKlEuqbIw=="],

    "@oxfmt/binding-win32-ia32-msvc": ["@oxfmt/binding-win32-ia32-msvc@0.34.0", "", { "os": "win32", "cpu": "ia32" }, "sha512-QHaz+w673mlYqn9v/+fuiKZpjkmagleXQ+NygShDv8tdHpRYX2oYhTJwwt9j1ZfVhRgza1EIUW3JmzCXmtPdhQ=="],

    "@oxfmt/binding-win32-x64-msvc": ["@oxfmt/binding-win32-x64-msvc@0.34.0", "", { "os": "win32", "cpu": "x64" }, "sha512-CXKQM/VaF+yuvGru8ktleHLJoBdjBtTFmAsLGePiESiTN0NjCI/PiaiOCfHMJ1HdP1LykvARUwMvgaN3tDhcrg=="],

    "@oxlint/binding-android-arm-eabi": ["@oxlint/binding-android-arm-eabi@1.49.0", "", { "os": "android", "cpu": "arm" }, "sha512-2WPoh/2oK9r/i2R4o4J18AOrm3HVlWiHZ8TnuCaS4dX8m5ZzRmHW0I3eLxEurQLHWVruhQN7fHgZnah+ag5iQg=="],

    "@oxlint/binding-android-arm64": ["@oxlint/binding-android-arm64@1.49.0", "", { "os": "android", "cpu": "arm64" }, "sha512-YqJAGvNB11EzoKm1euVhZntb79alhMvWW/j12bYqdvVxn6xzEQWrEDCJg9BPo3A3tBCSUBKH7bVkAiCBqK/L1w=="],

    "@oxlint/binding-darwin-arm64": ["@oxlint/binding-darwin-arm64@1.49.0", "", { "os": "darwin", "cpu": "arm64" }, "sha512-WFocCRlvVkMhChCJ2qpJfp1Gj/IjvyjuifH9Pex8m8yHonxxQa3d8DZYreuDQU3T4jvSY8rqhoRqnpc61Nlbxw=="],

    "@oxlint/binding-darwin-x64": ["@oxlint/binding-darwin-x64@1.49.0", "", { "os": "darwin", "cpu": "x64" }, "sha512-BN0KniwvehbUfYztOMwEDkYoojGm/narf5oJf+/ap+6PnzMeWLezMaVARNIS0j3OdMkjHTEP8s3+GdPJ7WDywQ=="],

    "@oxlint/binding-freebsd-x64": ["@oxlint/binding-freebsd-x64@1.49.0", "", { "os": "freebsd", "cpu": "x64" }, "sha512-SnkAc/DPIY6joMCiP/+53Q+N2UOGMU6ULvbztpmvPJNF/jYPGhNbKtN982uj2Gs6fpbxYkmyj08QnpkD4fbHJA=="],

    "@oxlint/binding-linux-arm-gnueabihf": ["@oxlint/binding-linux-arm-gnueabihf@1.49.0", "", { "os": "linux", "cpu": "arm" }, "sha512-6Z3EzRvpQVIpO7uFhdiGhdE8Mh3S2VWKLL9xuxVqD6fzPhyI3ugthpYXlCChXzO8FzcYIZ3t1+Kau+h2NY1hqA=="],

    "@oxlint/binding-linux-arm-musleabihf": ["@oxlint/binding-linux-arm-musleabihf@1.49.0", "", { "os": "linux", "cpu": "arm" }, "sha512-wdjXaQYAL/L25732mLlngfst4Jdmi/HLPVHb3yfCoP5mE3lO/pFFrmOJpqWodgv29suWY74Ij+RmJ/YIG5VuzQ=="],

    "@oxlint/binding-linux-arm64-gnu": ["@oxlint/binding-linux-arm64-gnu@1.49.0", "", { "os": "linux", "cpu": "arm64" }, "sha512-oSHpm8zmSvAG1BWUumbDRSg7moJbnwoEXKAkwDf/xTQJOzvbUknq95NVQdw/AduZr5dePftalB8rzJNGBogUMg=="],

    "@oxlint/binding-linux-arm64-musl": ["@oxlint/binding-linux-arm64-musl@1.49.0", "", { "os": "linux", "cpu": "arm64" }, "sha512-xeqkMOARgGBlEg9BQuPDf6ZW711X6BT5qjDyeM5XNowCJeTSdmMhpePJjTEiVbbr3t21sIlK8RE6X5bc04nWyQ=="],

    "@oxlint/binding-linux-ppc64-gnu": ["@oxlint/binding-linux-ppc64-gnu@1.49.0", "", { "os": "linux", "cpu": "ppc64" }, "sha512-uvcqRO6PnlJGbL7TeePhTK5+7/JXbxGbN+C6FVmfICDeeRomgQqrfVjf0lUrVpUU8ii8TSkIbNdft3M+oNlOsQ=="],

    "@oxlint/binding-linux-riscv64-gnu": ["@oxlint/binding-linux-riscv64-gnu@1.49.0", "", { "os": "linux", "cpu": "none" }, "sha512-Dw1HkdXAwHNH+ZDserHP2RzXQmhHtpsYYI0hf8fuGAVCIVwvS6w1+InLxpPMY25P8ASRNiFN3hADtoh6lI+4lg=="],

    "@oxlint/binding-linux-riscv64-musl": ["@oxlint/binding-linux-riscv64-musl@1.49.0", "", { "os": "linux", "cpu": "none" }, "sha512-EPlMYaA05tJ9km/0dI9K57iuMq3Tw+nHst7TNIegAJZrBPtsOtYaMFZEaWj02HA8FI5QvSnRHMt+CI+RIhXJBQ=="],

    "@oxlint/binding-linux-s390x-gnu": ["@oxlint/binding-linux-s390x-gnu@1.49.0", "", { "os": "linux", "cpu": "s390x" }, "sha512-yZiQL9qEwse34aMbnMb5VqiAWfDY+fLFuoJbHOuzB1OaJZbN1MRF9Nk+W89PIpGr5DNPDipwjZb8+Q7wOywoUQ=="],

    "@oxlint/binding-linux-x64-gnu": ["@oxlint/binding-linux-x64-gnu@1.49.0", "", { "os": "linux", "cpu": "x64" }, "sha512-CcCDwMMXSchNkhdgvhVn3DLZ4EnBXAD8o8+gRzahg+IdSt/72y19xBgShJgadIRF0TsRcV/MhDUMwL5N/W54aQ=="],

    "@oxlint/binding-linux-x64-musl": ["@oxlint/binding-linux-x64-musl@1.49.0", "", { "os": "linux", "cpu": "x64" }, "sha512-u3HfKV8BV6t6UCCbN0RRiyqcymhrnpunVmLFI8sEa5S/EBu+p/0bJ3D7LZ2KT6PsBbrB71SWq4DeFrskOVgIZg=="],

    "@oxlint/binding-openharmony-arm64": ["@oxlint/binding-openharmony-arm64@1.49.0", "", { "os": "none", "cpu": "arm64" }, "sha512-dRDpH9fw+oeUMpM4br0taYCFpW6jQtOuEIec89rOgDA1YhqwmeRcx0XYeCv7U48p57qJ1XZHeMGM9LdItIjfzA=="],

    "@oxlint/binding-win32-arm64-msvc": ["@oxlint/binding-win32-arm64-msvc@1.49.0", "", { "os": "win32", "cpu": "arm64" }, "sha512-6rrKe/wL9tn0qnOy76i1/0f4Dc3dtQnibGlU4HqR/brVHlVjzLSoaH0gAFnLnznh9yQ6gcFTBFOPrcN/eKPDGA=="],

    "@oxlint/binding-win32-ia32-msvc": ["@oxlint/binding-win32-ia32-msvc@1.49.0", "", { "os": "win32", "cpu": "ia32" }, "sha512-CXHLWAtLs2xG/aVy1OZiYJzrULlq0QkYpI6cd7VKMrab+qur4fXVE/B1Bp1m0h1qKTj5/FTGg6oU4qaXMjS/ug=="],

    "@oxlint/binding-win32-x64-msvc": ["@oxlint/binding-win32-x64-msvc@1.49.0", "", { "os": "win32", "cpu": "x64" }, "sha512-VteIelt78kwzSglOozaQcs6BCS4Lk0j+QA+hGV0W8UeyaqQ3XpbZRhDU55NW1PPvCy1tg4VXsTlEaPovqto7nQ=="],

    "@pinggy/pinggy": ["@pinggy/pinggy@0.3.5", "", { "dependencies": { "@mapbox/node-pre-gyp": "^2.0.0", "node-gyp": "^12.1.0", "shlex": "^2.1.2" } }, "sha512-XHX6+v7SK+25P1enFxmOGWPBiJOqaE/9pjKk7H31DU9Rugy1FmGklERXd3JG/0rQHlYwhLX3Sq/y5c+oZKxQXA=="],

    "@types/bun": ["@types/bun@1.3.4", "", { "dependencies": { "bun-types": "1.3.4" } }, "sha512-EEPTKXHP+zKGPkhRLv+HI0UEX8/o+65hqARxLy8Ov5rIxMBPNTjeZww00CIihrIQGEQBYg+0roO5qOnS/7boGA=="],

    "@types/localtunnel": ["@types/localtunnel@2.0.4", "", { "dependencies": { "@types/node": "*" } }, "sha512-7WM5nlEfEKp8MpwthPa2utdy+f/7ZBxMPzu8qw6EijFFTcpzh5CXgt2YoncxWAZNOPNieMofXCKFudtDEY4bag=="],

    "@types/node": ["@types/node@25.0.0", "", { "dependencies": { "undici-types": "~7.16.0" } }, "sha512-rl78HwuZlaDIUSeUKkmogkhebA+8K1Hy7tddZuJ3D0xV8pZSfsYGTsliGUol1JPzu9EKnTxPC4L1fiWouStRew=="],

    "@typescript/native-preview": ["@typescript/native-preview@7.0.0-dev.20260221.1", "", { "optionalDependencies": { "@typescript/native-preview-darwin-arm64": "7.0.0-dev.20260221.1", "@typescript/native-preview-darwin-x64": "7.0.0-dev.20260221.1", "@typescript/native-preview-linux-arm": "7.0.0-dev.20260221.1", "@typescript/native-preview-linux-arm64": "7.0.0-dev.20260221.1", "@typescript/native-preview-linux-x64": "7.0.0-dev.20260221.1", "@typescript/native-preview-win32-arm64": "7.0.0-dev.20260221.1", "@typescript/native-preview-win32-x64": "7.0.0-dev.20260221.1" }, "bin": { "tsgo": "bin/tsgo.js" } }, "sha512-tEUzcnj6pD+z1vANchRzhpPl+3RMD+xQRvIN//0+qjtP5zyYB5T+MIaAWycpKDwlHP9C13JnQgcgYnC+LlNkrg=="],

    "@typescript/native-preview-darwin-arm64": ["@typescript/native-preview-darwin-arm64@7.0.0-dev.20260221.1", "", { "os": "darwin", "cpu": "arm64" }, "sha512-m3ttEpK+eXV7P06RVZZuSuUvNDj8psXODrMJRRQWpTNsk3qITbIdBSgOx2Q/M3tbQ9Mo2IBHt6jUjqOdRW9oZQ=="],

    "@typescript/native-preview-darwin-x64": ["@typescript/native-preview-darwin-x64@7.0.0-dev.20260221.1", "", { "os": "darwin", "cpu": "x64" }, "sha512-BNaNe3rox2rpkh5sWcnZZob6sDA/at9KK55/WSRAH4W+9dFReOLFAR9YXhKxrLGZ1QpleuIBahKbV8o037S+pA=="],

    "@typescript/native-preview-linux-arm": ["@typescript/native-preview-linux-arm@7.0.0-dev.20260221.1", "", { "os": "linux", "cpu": "arm" }, "sha512-+/uyIw7vg4FyAnNpsCJHmSOhMiR2m56lqaEo1J5pMAstJmfLTTKQdJ1muIWCDCqc24k2U30IStHOaCqUerp/nQ=="],

    "@typescript/native-preview-linux-arm64": ["@typescript/native-preview-linux-arm64@7.0.0-dev.20260221.1", "", { "os": "linux", "cpu": "arm64" }, "sha512-Y4jsvwDq86LXq63UYRLqCAd+nD1r6C2NVaGNR39H+c6D8SgOBkPLJa8quTH0Ir8E5bsR8vTN4E6xHY9jD4J2PA=="],

    "@typescript/native-preview-linux-x64": ["@typescript/native-preview-linux-x64@7.0.0-dev.20260221.1", "", { "os": "linux", "cpu": "x64" }, "sha512-7agd5FtVLPp+gRMvsecSDmdQ/XM80q/uaQ6+Kahan9uNrCuPJIyMiAtJvCoYYgT1nXX2AjwZk39DH63fRaw/Mg=="],

    "@typescript/native-preview-win32-arm64": ["@typescript/native-preview-win32-arm64@7.0.0-dev.20260221.1", "", { "os": "win32", "cpu": "arm64" }, "sha512-lXbsy5vDzS//oE0evX+QwZBwpKselXTd8H18lT42CBQo2hL2r0+w9YBguaYXrnGkAoHjDXEfKA2xii8yVZKVUg=="],

    "@typescript/native-preview-win32-x64": ["@typescript/native-preview-win32-x64@7.0.0-dev.20260221.1", "", { "os": "win32", "cpu": "x64" }, "sha512-O02pfQlVlRTsBmp0hODs/bOHm2ic2kXZpIchBP5Qm0wKCp1Ytz/7i3SNT1gN47I+KC4axn/AHhFmkWQyIu9kRQ=="],

    "abbrev": ["abbrev@3.0.1", "", {}, "sha512-AO2ac6pjRB3SJmGJo+v5/aK6Omggp6fsLrs6wN9bd35ulu4cCwaAU9+7ZhXjeqHVkaHThLuzH0nZr0YpCDhygg=="],

    "agent-base": ["agent-base@7.1.4", "", {}, "sha512-MnA+YT8fwfJPgBx3m60MNqakm30XOkyIoH1y6huTQvC0PwZG7ki8NacLBcrPbNoo8vEZy7Jpuk7+jMO+CUovTQ=="],

    "ansi-regex": ["ansi-regex@5.0.1", "", {}, "sha512-quJQXlTSUGL2LH9SUXo8VwsY4soanhgo6LNSm84E1LBcE8s3O0wpdiRzyR9z/ZZJMlMWv37qOOb9pdJlMUEKFQ=="],

    "ansi-styles": ["ansi-styles@4.3.0", "", { "dependencies": { "color-convert": "^2.0.1" } }, "sha512-zbB9rCJAT1rbjiVDb2hqKFHNYLxgtk8NURxZ3IZwD3F6NtxbXZQCnnSi1Lkx+IDohdPlFp222wVALIheZJQSEg=="],

    "axios": ["axios@0.21.4", "", { "dependencies": { "follow-redirects": "^1.14.0" } }, "sha512-ut5vewkiu8jjGBdqpM44XxjuCjq9LAKeHVmoVfHVzy8eHgxxq8SbAVQNovDA8mVi05kP0Ea/n/UzcSHcTJQfNg=="],

    "balanced-match": ["balanced-match@4.0.3", "", {}, "sha512-1pHv8LX9CpKut1Zp4EXey7Z8OfH11ONNH6Dhi2WDUt31VVZFXZzKwXcysBgqSumFCmR+0dqjMK5v5JiFHzi0+g=="],

    "brace-expansion": ["brace-expansion@5.0.2", "", { "dependencies": { "balanced-match": "^4.0.2" } }, "sha512-Pdk8c9poy+YhOgVWw1JNN22/HcivgKWwpxKq04M/jTmHyCZn12WPJebZxdjSa5TmBqISrUSgNYU3eRORljfCCw=="],

    "bun-types": ["bun-types@1.3.4", "", { "dependencies": { "@types/node": "*" } }, "sha512-5ua817+BZPZOlNaRgGBpZJOSAQ9RQ17pkwPD0yR7CfJg+r8DgIILByFifDTa+IPDDxzf5VNhtNlcKqFzDgJvlQ=="],

    "cacache": ["cacache@20.0.3", "", { "dependencies": { "@npmcli/fs": "^5.0.0", "fs-minipass": "^3.0.0", "glob": "^13.0.0", "lru-cache": "^11.1.0", "minipass": "^7.0.3", "minipass-collect": "^2.0.1", "minipass-flush": "^1.0.5", "minipass-pipeline": "^1.2.4", "p-map": "^7.0.2", "ssri": "^13.0.0", "unique-filename": "^5.0.0" } }, "sha512-3pUp4e8hv07k1QlijZu6Kn7c9+ZpWWk4j3F8N3xPuCExULobqJydKYOTj1FTq58srkJsXvO7LbGAH4C0ZU3WGw=="],

    "chownr": ["chownr@3.0.0", "", {}, "sha512-+IxzY9BZOQd/XuYPRmrvEVjF/nqj5kgT4kEq7VofrDoM1MxoRjEWkrCC3EtLi59TVawxTAn+orJwFQcrqEN1+g=="],

    "cliui": ["cliui@7.0.4", "", { "dependencies": { "string-width": "^4.2.0", "strip-ansi": "^6.0.0", "wrap-ansi": "^7.0.0" } }, "sha512-OcRE68cOsVMXp1Yvonl/fzkQOyjLSu/8bhPDfQt0e0/Eb283TKP20Fs2MqoPsr9SwA595rRCA+QMzYc9nBP+JQ=="],

    "color-convert": ["color-convert@2.0.1", "", { "dependencies": { "color-name": "~1.1.4" } }, "sha512-RRECPsj7iu/xb5oKYcsFHSppFNnsj/52OVTRKb4zP5onXwVF3zVmmToNcOfGC+CRDpfK/U584fMg38ZHCaElKQ=="],

    "color-name": ["color-name@1.1.4", "", {}, "sha512-dOy+3AuW3a2wNbZHIuMZpTcgjGuLU/uBL/ubcZF9OXbDo8ff4O8yVp5Bf0efS8uEoYo5q4Fx7dY9OgQGXgAsQA=="],

    "consola": ["consola@3.4.2", "", {}, "sha512-5IKcdX0nnYavi6G7TtOhwkYzyjfJlatbjMjuLSfE2kYT5pMDOilZ4OvMhi637CcDICTmz3wARPoyhqyX1Y+XvA=="],

    "debug": ["debug@4.3.2", "", { "dependencies": { "ms": "2.1.2" } }, "sha512-mOp8wKcvj7XxC78zLgw/ZA+6TSgkoE2C/ienthhRD298T7UNwAg9diBpLRxC0mOezLl4B0xV7M0cCO6P/O0Xhw=="],

    "detect-libc": ["detect-libc@2.1.2", "", {}, "sha512-Btj2BOOO83o3WyH59e8MgXsxEQVcarkUOpEYrubB0urwnN10yQ364rsiByU11nZlqWYZm05i/of7io4mzihBtQ=="],

    "emoji-regex": ["emoji-regex@8.0.0", "", {}, "sha512-MSjYzcWNOA0ewAHpz0MxpYFvwg6yjy1NG3xteoqz644VCo/RPgnr1/GGt+ic3iJTzQ8Eu3TdM14SawnVUmGE6A=="],

    "encoding": ["encoding@0.1.13", "", { "dependencies": { "iconv-lite": "^0.6.2" } }, "sha512-ETBauow1T35Y/WZMkio9jiM0Z5xjHHmJ4XmjZOq1l/dXz3lr2sRn87nJy20RupqSh1F2m3HHPSp8ShIPQJrJ3A=="],

    "env-paths": ["env-paths@2.2.1", "", {}, "sha512-+h1lkLKhZMTYjog1VEpJNG7NZJWcuc2DDk/qsqSTRRCOXiLjeQ1d1/udrUGhqMxUgAlwKNZ0cf2uqan5GLuS2A=="],

    "err-code": ["err-code@2.0.3", "", {}, "sha512-2bmlRpNKBxT/CRmPOlyISQpNj+qSeYvcym/uT0Jx2bMOlKLtSy1ZmLuVxSEKKyor/N5yhvp/ZiG1oE3DEYMSFA=="],

    "escalade": ["escalade@3.2.0", "", {}, "sha512-WUj2qlxaQtO4g6Pq5c29GTcWGDyd8itL8zTlipgECz3JesAiiOKotd8JU6otB3PACgG6xkJUyVhboMS+bje/jA=="],

    "exponential-backoff": ["exponential-backoff@3.1.3", "", {}, "sha512-ZgEeZXj30q+I0EN+CbSSpIyPaJ5HVQD18Z1m+u1FXbAeT94mr1zw50q4q6jiiC447Nl/YTcIYSAftiGqetwXCA=="],

    "fdir": ["fdir@6.5.0", "", { "peerDependencies": { "picomatch": "^3 || ^4" }, "optionalPeers": ["picomatch"] }, "sha512-tIbYtZbucOs0BRGqPJkshJUYdL+SDH7dVM8gjy+ERp3WAUjLEFJE+02kanyHtwjWOnwrKYBiwAmM0p4kLJAnXg=="],

    "follow-redirects": ["follow-redirects@1.15.11", "", {}, "sha512-deG2P0JfjrTxl50XGCDyfI97ZGVCxIpfKYmfyrQ54n5FO/0gfIES8C/Psl6kWVDolizcaaxZJnTS0QSMxvnsBQ=="],

    "fs-minipass": ["fs-minipass@3.0.3", "", { "dependencies": { "minipass": "^7.0.3" } }, "sha512-XUBA9XClHbnJWSfBzjkm6RvPsyg3sryZt06BEQoXcF7EK/xpGaQYJgQKDJSUH5SGZ76Y7pFx1QBnXz09rU5Fbw=="],

    "get-caller-file": ["get-caller-file@2.0.5", "", {}, "sha512-DyFP3BM/3YHTQOCUL/w0OZHR0lpKeGrxotcHWcqNEdnltqFwXVfhEBQ94eIo34AfQpo0rGki4cyIiftY06h2Fg=="],

    "glob": ["glob@13.0.6", "", { "dependencies": { "minimatch": "^10.2.2", "minipass": "^7.1.3", "path-scurry": "^2.0.2" } }, "sha512-Wjlyrolmm8uDpm/ogGyXZXb1Z+Ca2B8NbJwqBVg0axK9GbBeoS7yGV6vjXnYdGm6X53iehEuxxbyiKp8QmN4Vw=="],

    "graceful-fs": ["graceful-fs@4.2.11", "", {}, "sha512-RbJ5/jmFcNNCcDV5o9eTnBLJ/HszWV0P73bc+Ff4nS/rJj+YaS6IGyiOL0VoBYX+l1Wrl3k63h/KrH+nhJ0XvQ=="],

    "hono": ["hono@4.10.8", "", {}, "sha512-DDT0A0r6wzhe8zCGoYOmMeuGu3dyTAE40HHjwUsWFTEy5WxK1x2WDSsBPlEXgPbRIFY6miDualuUDbasPogIww=="],

    "http-cache-semantics": ["http-cache-semantics@4.2.0", "", {}, "sha512-dTxcvPXqPvXBQpq5dUr6mEMJX4oIEFv6bwom3FDwKRDsuIjjJGANqhBuoAn9c1RQJIdAKav33ED65E2ys+87QQ=="],

    "http-proxy-agent": ["http-proxy-agent@7.0.2", "", { "dependencies": { "agent-base": "^7.1.0", "debug": "^4.3.4" } }, "sha512-T1gkAiYYDWYx3V5Bmyu7HcfcvL7mUrTWiM6yOfa3PIphViJ/gFPbvidQ+veqSOHci/PxBcDabeUNCzpOODJZig=="],

    "https-proxy-agent": ["https-proxy-agent@7.0.6", "", { "dependencies": { "agent-base": "^7.1.2", "debug": "4" } }, "sha512-vK9P5/iUfdl95AI+JVyUuIcVtd4ofvtrOr3HNtM2yxC9bnMbEdp3x01OhQNnjb8IJYi38VlTE3mBXwcfvywuSw=="],

    "iconv-lite": ["iconv-lite@0.6.3", "", { "dependencies": { "safer-buffer": ">= 2.1.2 < 3.0.0" } }, "sha512-4fCk79wshMdzMp2rH06qWrJE4iolqLhCUH+OiuIgU++RB0+94NlDL81atO7GX55uUKueo0txHNtvEyI6D7WdMw=="],

    "imurmurhash": ["imurmurhash@0.1.4", "", {}, "sha512-JmXMZ6wuvDmLiHEml9ykzqO6lwFbof0GG4IkcGaENdCRDDmMVnny7s5HsIgHCbaq0w2MyPhDqkhTUgS2LU2PHA=="],

    "ip-address": ["ip-address@10.1.0", "", {}, "sha512-XXADHxXmvT9+CRxhXg56LJovE+bmWnEWB78LB83VZTprKTmaC5QfruXocxzTZ2Kl0DNwKuBdlIhjL8LeY8Sf8Q=="],

    "is-fullwidth-code-point": ["is-fullwidth-code-point@3.0.0", "", {}, "sha512-zymm5+u+sCsSWyD9qNaejV3DFvhCKclKdizYaJUuHA83RLjb7nSuGnddCHGv0hk+KY7BMAlsWeK4Ueg6EV6XQg=="],

    "isexe": ["isexe@4.0.0", "", {}, "sha512-FFUtZMpoZ8RqHS3XeXEmHWLA4thH+ZxCv2lOiPIn1Xc7CxrqhWzNSDzD+/chS/zbYezmiwWLdQC09JdQKmthOw=="],

    "localtunnel": ["localtunnel@2.0.2", "", { "dependencies": { "axios": "0.21.4", "debug": "4.3.2", "openurl": "1.1.1", "yargs": "17.1.1" }, "bin": { "lt": "bin/lt.js" } }, "sha512-n418Cn5ynvJd7m/N1d9WVJISLJF/ellZnfsLnx8WBWGzxv/ntNcFkJ1o6se5quUhCplfLGBNL5tYHiq5WF3Nug=="],

    "lru-cache": ["lru-cache@11.2.6", "", {}, "sha512-ESL2CrkS/2wTPfuend7Zhkzo2u0daGJ/A2VucJOgQ/C48S/zB8MMeMHSGKYpXhIjbPxfuezITkaBH1wqv00DDQ=="],

    "make-fetch-happen": ["make-fetch-happen@15.0.3", "", { "dependencies": { "@npmcli/agent": "^4.0.0", "cacache": "^20.0.1", "http-cache-semantics": "^4.1.1", "minipass": "^7.0.2", "minipass-fetch": "^5.0.0", "minipass-flush": "^1.0.5", "minipass-pipeline": "^1.2.4", "negotiator": "^1.0.0", "proc-log": "^6.0.0", "promise-retry": "^2.0.1", "ssri": "^13.0.0" } }, "sha512-iyyEpDty1mwW3dGlYXAJqC/azFn5PPvgKVwXayOGBSmKLxhKZ9fg4qIan2ePpp1vJIwfFiO34LAPZgq9SZW9Aw=="],

    "minimatch": ["minimatch@10.2.2", "", { "dependencies": { "brace-expansion": "^5.0.2" } }, "sha512-+G4CpNBxa5MprY+04MbgOw1v7So6n5JY166pFi9KfYwT78fxScCeSNQSNzp6dpPSW2rONOps6Ocam1wFhCgoVw=="],

    "minipass": ["minipass@7.1.3", "", {}, "sha512-tEBHqDnIoM/1rXME1zgka9g6Q2lcoCkxHLuc7ODJ5BxbP5d4c2Z5cGgtXAku59200Cx7diuHTOYfSBD8n6mm8A=="],

    "minipass-collect": ["minipass-collect@2.0.1", "", { "dependencies": { "minipass": "^7.0.3" } }, "sha512-D7V8PO9oaz7PWGLbCACuI1qEOsq7UKfLotx/C0Aet43fCUB/wfQ7DYeq2oR/svFJGYDHPr38SHATeaj/ZoKHKw=="],

    "minipass-fetch": ["minipass-fetch@5.0.1", "", { "dependencies": { "minipass": "^7.0.3", "minipass-sized": "^2.0.0", "minizlib": "^3.0.1" }, "optionalDependencies": { "encoding": "^0.1.13" } }, "sha512-yHK8pb0iCGat0lDrs/D6RZmCdaBT64tULXjdxjSMAqoDi18Q3qKEUTHypHQZQd9+FYpIS+lkvpq6C/R6SbUeRw=="],

    "minipass-flush": ["minipass-flush@1.0.5", "", { "dependencies": { "minipass": "^3.0.0" } }, "sha512-JmQSYYpPUqX5Jyn1mXaRwOda1uQ8HP5KAT/oDSLCzt1BYRhQU0/hDtsB1ufZfEEzMZ9aAVmsBw8+FWsIXlClWw=="],

    "minipass-pipeline": ["minipass-pipeline@1.2.4", "", { "dependencies": { "minipass": "^3.0.0" } }, "sha512-xuIq7cIOt09RPRJ19gdi4b+RiNvDFYe5JH+ggNvBqGqpQXcru3PcRmOZuHBKWK1Txf9+cQ+HMVN4d6z46LZP7A=="],

    "minipass-sized": ["minipass-sized@2.0.0", "", { "dependencies": { "minipass": "^7.1.2" } }, "sha512-zSsHhto5BcUVM2m1LurnXY6M//cGhVaegT71OfOXoprxT6o780GZd792ea6FfrQkuU4usHZIUczAQMRUE2plzA=="],

    "minizlib": ["minizlib@3.1.0", "", { "dependencies": { "minipass": "^7.1.2" } }, "sha512-KZxYo1BUkWD2TVFLr0MQoM8vUUigWD3LlD83a/75BqC+4qE0Hb1Vo5v1FgcfaNXvfXzr+5EhQ6ing/CaBijTlw=="],

    "ms": ["ms@2.1.2", "", {}, "sha512-sGkPx+VjMtmA6MX27oA4FBFELFCZZ4S4XqeGOXCv68tT+jb3vk/RyaKWP0PTKyWtmLSM0b+adUTEvbs1PEaH2w=="],

    "negotiator": ["negotiator@1.0.0", "", {}, "sha512-8Ofs/AUQh8MaEcrlq5xOX0CQ9ypTF5dl78mjlMNfOK08fzpgTHQRQPBxcPlEtIw0yRpws+Zo/3r+5WRby7u3Gg=="],

    "node-fetch": ["node-fetch@2.7.0", "", { "dependencies": { "whatwg-url": "^5.0.0" }, "peerDependencies": { "encoding": "^0.1.0" }, "optionalPeers": ["encoding"] }, "sha512-c4FRfUm/dbcWZ7U+1Wq0AwCyFL+3nt2bEw05wfxSz+DWpWsitgmSgYmy2dQdWyKC1694ELPqMs/YzUSNozLt8A=="],

    "node-gyp": ["node-gyp@12.2.0", "", { "dependencies": { "env-paths": "^2.2.0", "exponential-backoff": "^3.1.1", "graceful-fs": "^4.2.6", "make-fetch-happen": "^15.0.0", "nopt": "^9.0.0", "proc-log": "^6.0.0", "semver": "^7.3.5", "tar": "^7.5.4", "tinyglobby": "^0.2.12", "which": "^6.0.0" }, "bin": { "node-gyp": "bin/node-gyp.js" } }, "sha512-q23WdzrQv48KozXlr0U1v9dwO/k59NHeSzn6loGcasyf0UnSrtzs8kRxM+mfwJSf0DkX0s43hcqgnSO4/VNthQ=="],

    "nopt": ["nopt@8.1.0", "", { "dependencies": { "abbrev": "^3.0.0" }, "bin": { "nopt": "bin/nopt.js" } }, "sha512-ieGu42u/Qsa4TFktmaKEwM6MQH0pOWnaB3htzh0JRtx84+Mebc0cbZYN5bC+6WTZ4+77xrL9Pn5m7CV6VIkV7A=="],

    "openurl": ["openurl@1.1.1", "", {}, "sha512-d/gTkTb1i1GKz5k3XE3XFV/PxQ1k45zDqGP2OA7YhgsaLoqm6qRvARAZOFer1fcXritWlGBRCu/UgeS4HAnXAA=="],

    "oxfmt": ["oxfmt@0.34.0", "", { "dependencies": { "tinypool": "2.1.0" }, "optionalDependencies": { "@oxfmt/binding-android-arm-eabi": "0.34.0", "@oxfmt/binding-android-arm64": "0.34.0", "@oxfmt/binding-darwin-arm64": "0.34.0", "@oxfmt/binding-darwin-x64": "0.34.0", "@oxfmt/binding-freebsd-x64": "0.34.0", "@oxfmt/binding-linux-arm-gnueabihf": "0.34.0", "@oxfmt/binding-linux-arm-musleabihf": "0.34.0", "@oxfmt/binding-linux-arm64-gnu": "0.34.0", "@oxfmt/binding-linux-arm64-musl": "0.34.0", "@oxfmt/binding-linux-ppc64-gnu": "0.34.0", "@oxfmt/binding-linux-riscv64-gnu": "0.34.0", "@oxfmt/binding-linux-riscv64-musl": "0.34.0", "@oxfmt/binding-linux-s390x-gnu": "0.34.0", "@oxfmt/binding-linux-x64-gnu": "0.34.0", "@oxfmt/binding-linux-x64-musl": "0.34.0", "@oxfmt/binding-openharmony-arm64": "0.34.0", "@oxfmt/binding-win32-arm64-msvc": "0.34.0", "@oxfmt/binding-win32-ia32-msvc": "0.34.0", "@oxfmt/binding-win32-x64-msvc": "0.34.0" }, "bin": { "oxfmt": "bin/oxfmt" } }, "sha512-t+zTE4XGpzPTK+Zk9gSwcJcFi4pqjl6PwO/ZxPBJiJQ2XCKMucwjPlHxvPHyVKJtkMSyrDGfQ7Ntg/hUr4OgHQ=="],

    "oxlint": ["oxlint@1.49.0", "", { "optionalDependencies": { "@oxlint/binding-android-arm-eabi": "1.49.0", "@oxlint/binding-android-arm64": "1.49.0", "@oxlint/binding-darwin-arm64": "1.49.0", "@oxlint/binding-darwin-x64": "1.49.0", "@oxlint/binding-freebsd-x64": "1.49.0", "@oxlint/binding-linux-arm-gnueabihf": "1.49.0", "@oxlint/binding-linux-arm-musleabihf": "1.49.0", "@oxlint/binding-linux-arm64-gnu": "1.49.0", "@oxlint/binding-linux-arm64-musl": "1.49.0", "@oxlint/binding-linux-ppc64-gnu": "1.49.0", "@oxlint/binding-linux-riscv64-gnu": "1.49.0", "@oxlint/binding-linux-riscv64-musl": "1.49.0", "@oxlint/binding-linux-s390x-gnu": "1.49.0", "@oxlint/binding-linux-x64-gnu": "1.49.0", "@oxlint/binding-linux-x64-musl": "1.49.0", "@oxlint/binding-openharmony-arm64": "1.49.0", "@oxlint/binding-win32-arm64-msvc": "1.49.0", "@oxlint/binding-win32-ia32-msvc": "1.49.0", "@oxlint/binding-win32-x64-msvc": "1.49.0" }, "peerDependencies": { "oxlint-tsgolint": ">=0.14.1" }, "optionalPeers": ["oxlint-tsgolint"], "bin": { "oxlint": "bin/oxlint" } }, "sha512-YZffp0gM+63CJoRhHjtjRnwKtAgUnXM6j63YQ++aigji2NVvLGsUlrXo9gJUXZOdcbfShLYtA6RuTu8GZ4lzOQ=="],

    "p-map": ["p-map@7.0.4", "", {}, "sha512-tkAQEw8ysMzmkhgw8k+1U/iPhWNhykKnSk4Rd5zLoPJCuJaGRPo6YposrZgaxHKzDHdDWWZvE/Sk7hsL2X/CpQ=="],

    "path-scurry": ["path-scurry@2.0.2", "", { "dependencies": { "lru-cache": "^11.0.0", "minipass": "^7.1.2" } }, "sha512-3O/iVVsJAPsOnpwWIeD+d6z/7PmqApyQePUtCndjatj/9I5LylHvt5qluFaBT3I5h3r1ejfR056c+FCv+NnNXg=="],

    "picomatch": ["picomatch@4.0.3", "", {}, "sha512-5gTmgEY/sqK6gFXLIsQNH19lWb4ebPDLA4SdLP7dsWkIXHWlG66oPuVvXSGFPppYZz8ZDZq0dYYrbHfBCVUb1Q=="],

    "proc-log": ["proc-log@6.1.0", "", {}, "sha512-iG+GYldRf2BQ0UDUAd6JQ/RwzaQy6mXmsk/IzlYyal4A4SNFw54MeH4/tLkF4I5WoWG9SQwuqWzS99jaFQHBuQ=="],

    "promise-retry": ["promise-retry@2.0.1", "", { "dependencies": { "err-code": "^2.0.2", "retry": "^0.12.0" } }, "sha512-y+WKFlBR8BGXnsNlIHFGPZmyDf3DFMoLhaflAnyZgV6rG6xu+JwesTo2Q9R6XwYmtmwAFCkAk3e35jEdoeh/3g=="],

    "require-directory": ["require-directory@2.1.1", "", {}, "sha512-fGxEI7+wsG9xrvdjsrlmL22OMTTiHRwAMroiEeMgq8gzoLC/PQr7RsRDSTLUg/bZAZtF+TVIkHc6/4RIKrui+Q=="],

    "retry": ["retry@0.12.0", "", {}, "sha512-9LkiTwjUh6rT555DtE9rTX+BKByPfrMzEAtnlEtdEwr3Nkffwiihqe2bWADg+OQRjt9gl6ICdmB/ZFDCGAtSow=="],

    "safer-buffer": ["safer-buffer@2.1.2", "", {}, "sha512-YZo3K82SD7Riyi0E1EQPojLz7kpepnSQI9IyPbHHg1XXXevb5dJI7tpyN2ADxGcQbHG7vcyRHk0cbwqcQriUtg=="],

    "semver": ["semver@7.7.4", "", { "bin": { "semver": "bin/semver.js" } }, "sha512-vFKC2IEtQnVhpT78h1Yp8wzwrf8CM+MzKMHGJZfBtzhZNycRFnXsHk6E5TxIkkMsgNS7mdX3AGB7x2QM2di4lA=="],

    "shlex": ["shlex@2.1.2", "", {}, "sha512-Nz6gtibMVgYeMEhUjp2KuwAgqaJA1K155dU/HuDaEJUGgnmYfVtVZah+uerVWdH8UGnyahhDCgABbYTbs254+w=="],

    "smart-buffer": ["smart-buffer@4.2.0", "", {}, "sha512-94hK0Hh8rPqQl2xXc3HsaBoOXKV20MToPkcXvwbISWLEs+64sBq5kFgn2kJDHb1Pry9yrP0dxrCI9RRci7RXKg=="],

    "socks": ["socks@2.8.7", "", { "dependencies": { "ip-address": "^10.0.1", "smart-buffer": "^4.2.0" } }, "sha512-HLpt+uLy/pxB+bum/9DzAgiKS8CX1EvbWxI4zlmgGCExImLdiad2iCwXT5Z4c9c3Eq8rP2318mPW2c+QbtjK8A=="],

    "socks-proxy-agent": ["socks-proxy-agent@8.0.5", "", { "dependencies": { "agent-base": "^7.1.2", "debug": "^4.3.4", "socks": "^2.8.3" } }, "sha512-HehCEsotFqbPW9sJ8WVYB6UbmIMv7kUUORIF2Nncq4VQvBfNBLibW9YZR5dlYCSUhwcD628pRllm7n+E+YTzJw=="],

    "ssri": ["ssri@13.0.1", "", { "dependencies": { "minipass": "^7.0.3" } }, "sha512-QUiRf1+u9wPTL/76GTYlKttDEBWV1ga9ZXW8BG6kfdeyyM8LGPix9gROyg9V2+P0xNyF3X2Go526xKFdMZrHSQ=="],

    "string-width": ["string-width@4.2.3", "", { "dependencies": { "emoji-regex": "^8.0.0", "is-fullwidth-code-point": "^3.0.0", "strip-ansi": "^6.0.1" } }, "sha512-wKyQRQpjJ0sIp62ErSZdGsjMJWsap5oRNihHhu6G7JVO/9jIB6UyevL+tXuOqrng8j/cxKTWyWUwvSTriiZz/g=="],

    "strip-ansi": ["strip-ansi@6.0.1", "", { "dependencies": { "ansi-regex": "^5.0.1" } }, "sha512-Y38VPSHcqkFrCpFnQ9vuSXmquuv5oXOKpGeT6aGrr3o3Gc9AlVa6JBfUSOCnbxGGZF+/0ooI7KrPuUSztUdU5A=="],

    "tar": ["tar@7.5.9", "", { "dependencies": { "@isaacs/fs-minipass": "^4.0.0", "chownr": "^3.0.0", "minipass": "^7.1.2", "minizlib": "^3.1.0", "yallist": "^5.0.0" } }, "sha512-BTLcK0xsDh2+PUe9F6c2TlRp4zOOBMTkoQHQIWSIzI0R7KG46uEwq4OPk2W7bZcprBMsuaeFsqwYr7pjh6CuHg=="],

    "tinyglobby": ["tinyglobby@0.2.15", "", { "dependencies": { "fdir": "^6.5.0", "picomatch": "^4.0.3" } }, "sha512-j2Zq4NyQYG5XMST4cbs02Ak8iJUdxRM0XI5QyxXuZOzKOINmWurp3smXu3y5wDcJrptwpSjgXHzIQxR0omXljQ=="],

    "tinypool": ["tinypool@2.1.0", "", {}, "sha512-Pugqs6M0m7Lv1I7FtxN4aoyToKg1C4tu+/381vH35y8oENM/Ai7f7C4StcoK4/+BSw9ebcS8jRiVrORFKCALLw=="],

    "tr46": ["tr46@0.0.3", "", {}, "sha512-N3WMsuqV66lT30CrXNbEjx4GEwlow3v6rr4mCcv6prnfwhS01rkgyFdjPNBYd9br7LpXV1+Emh01fHnq2Gdgrw=="],

    "typescript": ["typescript@5.9.3", "", { "bin": { "tsc": "bin/tsc", "tsserver": "bin/tsserver" } }, "sha512-jl1vZzPDinLr9eUt3J/t7V6FgNEw9QjvBPdysz9KfQDD41fQrC2Y4vKQdiaUpFT4bXlb1RHhLpp8wtm6M5TgSw=="],

    "undici-types": ["undici-types@7.16.0", "", {}, "sha512-Zz+aZWSj8LE6zoxD+xrjh4VfkIG8Ya6LvYkZqtUQGJPZjYl53ypCaUwWqo7eI0x66KBGeRo+mlBEkMSeSZ38Nw=="],

    "unique-filename": ["unique-filename@5.0.0", "", { "dependencies": { "unique-slug": "^6.0.0" } }, "sha512-2RaJTAvAb4owyjllTfXzFClJ7WsGxlykkPvCr9pA//LD9goVq+m4PPAeBgNodGZ7nSrntT/auWpJ6Y5IFXcfjg=="],

    "unique-slug": ["unique-slug@6.0.0", "", { "dependencies": { "imurmurhash": "^0.1.4" } }, "sha512-4Lup7Ezn8W3d52/xBhZBVdx323ckxa7DEvd9kPQHppTkLoJXw6ltrBCyj5pnrxj0qKDxYMJ56CoxNuFCscdTiw=="],

    "webidl-conversions": ["webidl-conversions@3.0.1", "", {}, "sha512-2JAn3z8AR6rjK8Sm8orRC0h/bcl/DqL7tRPdGZ4I1CjdF+EaMLmYxBHyXuKL849eucPFhvBoxMsflfOb8kxaeQ=="],

    "whatwg-url": ["whatwg-url@5.0.0", "", { "dependencies": { "tr46": "~0.0.3", "webidl-conversions": "^3.0.0" } }, "sha512-saE57nupxk6v3HY35+jzBwYa0rKSy0XR8JSxZPwgLr7ys0IBzhGviA1/TUGJLmSVqs8pb9AnvICXEuOHLprYTw=="],

    "which": ["which@6.0.1", "", { "dependencies": { "isexe": "^4.0.0" }, "bin": { "node-which": "bin/which.js" } }, "sha512-oGLe46MIrCRqX7ytPUf66EAYvdeMIZYn3WaocqqKZAxrBpkqHfL/qvTyJ/bTk5+AqHCjXmrv3CEWgy368zhRUg=="],

    "wrap-ansi": ["wrap-ansi@7.0.0", "", { "dependencies": { "ansi-styles": "^4.0.0", "string-width": "^4.1.0", "strip-ansi": "^6.0.0" } }, "sha512-YVGIj2kamLSTxw6NsZjoBxfSwsn0ycdesmc4p+Q21c5zPuZ1pl+NfxVdxPtdHvmNVOQ6XSYG4AUtyt/Fi7D16Q=="],

    "y18n": ["y18n@5.0.8", "", {}, "sha512-0pfFzegeDWJHJIAmTLRP2DwHjdF5s7jo9tuztdQxAhINCdvS+3nGINqPd00AphqJR/0LhANUS6/+7SCb98YOfA=="],

    "yallist": ["yallist@5.0.0", "", {}, "sha512-YgvUTfwqyc7UXVMrB+SImsVYSmTS8X/tSrtdNZMImM+n7+QTriRXyXim0mBrTXNeqzVF0KWGgHPeiyViFFrNDw=="],

    "yargs": ["yargs@17.1.1", "", { "dependencies": { "cliui": "^7.0.2", "escalade": "^3.1.1", "get-caller-file": "^2.0.5", "require-directory": "^2.1.1", "string-width": "^4.2.0", "y18n": "^5.0.5", "yargs-parser": "^20.2.2" } }, "sha512-c2k48R0PwKIqKhPMWjeiF6y2xY/gPMUlro0sgxqXpbOIohWiLNXWslsootttv7E1e73QPAMQSg5FeySbVcpsPQ=="],

    "yargs-parser": ["yargs-parser@20.2.9", "", {}, "sha512-y11nGElTIV+CT3Zv9t7VKl+Q3hTQoT9a1Qzezhhl6Rp21gJ/IVTW7Z3y9EWXhuUBC2Shnf+DX0antecpAwSP8w=="],

    "http-proxy-agent/debug": ["debug@4.4.3", "", { "dependencies": { "ms": "^2.1.3" } }, "sha512-RGwwWnwQvkVfavKVt22FGLw+xYSdzARwm0ru6DhTVA3umU5hZc28V3kO4stgYryrTlLpuvgI9GiijltAjNbcqA=="],

    "minipass-flush/minipass": ["minipass@3.3.6", "", { "dependencies": { "yallist": "^4.0.0" } }, "sha512-DxiNidxSEK+tHG6zOIklvNOwm3hvCrbUrdtzY74U6HKTJxvIDfOUL5W5P2Ghd3DTkhhKPYGqeNUIh5qcM4YBfw=="],

    "minipass-pipeline/minipass": ["minipass@3.3.6", "", { "dependencies": { "yallist": "^4.0.0" } }, "sha512-DxiNidxSEK+tHG6zOIklvNOwm3hvCrbUrdtzY74U6HKTJxvIDfOUL5W5P2Ghd3DTkhhKPYGqeNUIh5qcM4YBfw=="],

    "node-gyp/nopt": ["nopt@9.0.0", "", { "dependencies": { "abbrev": "^4.0.0" }, "bin": { "nopt": "bin/nopt.js" } }, "sha512-Zhq3a+yFKrYwSBluL4H9XP3m3y5uvQkB/09CwDruCiRmR/UJYnn9W4R48ry0uGC70aeTPKLynBtscP9efFFcPw=="],

    "socks-proxy-agent/debug": ["debug@4.4.3", "", { "dependencies": { "ms": "^2.1.3" } }, "sha512-RGwwWnwQvkVfavKVt22FGLw+xYSdzARwm0ru6DhTVA3umU5hZc28V3kO4stgYryrTlLpuvgI9GiijltAjNbcqA=="],

    "http-proxy-agent/debug/ms": ["ms@2.1.3", "", {}, "sha512-6FlzubTLZG3J2a/NVCAleEhjzq5oxgHyaCU9yYXvcLsvoVaHJq/s5xXI6/XXP6tz7R9xAOtHnSO/tXtF3WRTlA=="],

    "minipass-flush/minipass/yallist": ["yallist@4.0.0", "", {}, "sha512-3wdGidZyq5PB084XLES5TpOSRA3wjXAlIWMhum2kRcv/41Sn2emQ0dycQW4uZXLejwKvg6EsvbdlVL+FYEct7A=="],

    "minipass-pipeline/minipass/yallist": ["yallist@4.0.0", "", {}, "sha512-3wdGidZyq5PB084XLES5TpOSRA3wjXAlIWMhum2kRcv/41Sn2emQ0dycQW4uZXLejwKvg6EsvbdlVL+FYEct7A=="],

    "node-gyp/nopt/abbrev": ["abbrev@4.0.0", "", {}, "sha512-a1wflyaL0tHtJSmLSOVybYhy22vRih4eduhhrkcjgrWGnRfrZtovJ2FRjxuTtkkj47O/baf0R86QU5OuYpz8fA=="],

    "socks-proxy-agent/debug/ms": ["ms@2.1.3", "", {}, "sha512-6FlzubTLZG3J2a/NVCAleEhjzq5oxgHyaCU9yYXvcLsvoVaHJq/s5xXI6/XXP6tz7R9xAOtHnSO/tXtF3WRTlA=="],
  }
}
